
Microsoft Visual Studio Solution File, Format Version 12.00
# Visual Studio 15
VisualStudioVersion = 15.0.28307.1913
MinimumVisualStudioVersion = 10.0.40219.1
Project("{FAE04EC0-301F-11D3-BF4B-00C04F79EFBC}") = "ApiExaustor", "ApiExaustor\ApiExaustor.csproj", "{7EFBD6F3-FF3E-49F6-A103-64A9A80630F8}"
EndProject
Project("{E53339B2-1760-4266-BCC7-CA923CBCF16C}") = "docker-compose", "docker-compose.dcproj", "{78DEB850-081D-43FB-967E-CE1690471E72}"
EndProject
Project("{FAE04EC0-301F-11D3-BF4B-00C04F79EFBC}") = "FIWARE.OrionClient", "FIWARE.OrionClient\FIWARE.OrionClient.csproj", "{692F69CE-BE3E-4560-AA18-1CDC88BFCF15}"
EndProject
Global
	GlobalSection(SolutionConfigurationPlatforms) = preSolution
		Debug|Any CPU = Debug|Any CPU
		Release|Any CPU = Release|Any CPU
	EndGlobalSection
	GlobalSection(ProjectConfigurationPlatforms) = postSolution
		{7EFBD6F3-FF3E-49F6-A103-64A9A80630F8}.Debug|Any CPU.ActiveCfg = Debug|Any CPU
		{7EFBD6F3-FF3E-49F6-A103-64A9A80630F8}.Debug|Any CPU.Build.0 = Debug|Any CPU
		{7EFBD6F3-FF3E-49F6-A103-64A9A80630F8}.Release|Any CPU.ActiveCfg = Release|Any CPU
		{7EFBD6F3-FF3E-49F6-A103-64A9A80630F8}.Release|Any CPU.Build.0 = Release|Any CPU
		{78DEB850-081D-43FB-967E-CE1690471E72}.Debug|Any CPU.ActiveCfg = Debug|Any CPU
		{78DEB850-081D-43FB-967E-CE1690471E72}.Debug|Any CPU.Build.0 = Debug|Any CPU
		{78DEB850-081D-43FB-967E-CE1690471E72}.Release|Any CPU.ActiveCfg = Release|Any CPU
		{78DEB850-081D-43FB-967E-CE1690471E72}.Release|Any CPU.Build.0 = Release|Any CPU
		{692F69CE-BE3E-4560-AA18-1CDC88BFCF15}.Debug|Any CPU.ActiveCfg = Debug|Any CPU
		{692F69CE-BE3E-4560-AA18-1CDC88BFCF15}.Debug|Any CPU.Build.0 = Debug|Any CPU
		{692F69CE-BE3E-4560-AA18-1CDC88BFCF15}.Release|Any CPU.ActiveCfg = Release|Any CPU
		{692F69CE-BE3E-4560-AA18-1CDC88BFCF15}.Release|Any CPU.Build.0 = Release|Any CPU
	EndGlobalSection
	GlobalSection(SolutionProperties) = preSolution
		HideSolutionNode = FALSE
	EndGlobalSection
	GlobalSection(ExtensibilityGlobals) = postSolution
		SolutionGuid = {18FFE6DF-0B9A-4F60-90CE-3C9D4E58CFB5}
	EndGlobalSection
EndGlobal
